
Microsoft Visual Studio Solution File, Format Version 12.00
# Visual Studio 15
VisualStudioVersion = 15.0.28307.1585
MinimumVisualStudioVersion = 10.0.40219.1
Project("{FAE04EC0-301F-11D3-BF4B-00C04F79EFBC}") = "CSF1Homework", "CSF1Homework\CSF1Homework.csproj", "{FE3CD582-28AB-4D00-89D1-17AA9865E09D}"
EndProject
Global
	GlobalSection(SolutionConfigurationPlatforms) = preSolution
		Debug|Any CPU = Debug|Any CPU
		Release|Any CPU = Release|Any CPU
	EndGlobalSection
	GlobalSection(ProjectConfigurationPlatforms) = postSolution
		{FE3CD582-28AB-4D00-89D1-17AA9865E09D}.Debug|Any CPU.ActiveCfg = Debug|Any CPU
		{FE3CD582-28AB-4D00-89D1-17AA9865E09D}.Debug|Any CPU.Build.0 = Debug|Any CPU
		{FE3CD582-28AB-4D00-89D1-17AA9865E09D}.Release|Any CPU.ActiveCfg = Release|Any CPU
		{FE3CD582-28AB-4D00-89D1-17AA9865E09D}.Release|Any CPU.Build.0 = Release|Any CPU
	EndGlobalSection
	GlobalSection(SolutionProperties) = preSolution
		HideSolutionNode = FALSE
	EndGlobalSection
	GlobalSection(ExtensibilityGlobals) = postSolution
		SolutionGuid = {F4C324EF-168B-4B21-A73D-C9239AB65EA4}
	EndGlobalSection
EndGlobal
